
Microsoft Visual Studio Solution File, Format Version 12.00
# Visual Studio 14
VisualStudioVersion = 14.0.24720.0
MinimumVisualStudioVersion = 10.0.40219.1
Project("{FAE04EC0-301F-11D3-BF4B-00C04F79EFBC}") = "ClassBox", "EncapsulationLab\ClassBox.csproj", "{F2F904D6-FA28-46D8-B57F-F9D9DE6E4369}"
EndProject
Project("{FAE04EC0-301F-11D3-BF4B-00C04F79EFBC}") = "ShoppingSpree", "AnimalFarm\ShoppingSpree.csproj", "{D6BB7A9D-C1FB-4174-999F-40CA4778DDCA}"
EndProject
Project("{FAE04EC0-301F-11D3-BF4B-00C04F79EFBC}") = "PizzaCalories", "PizzaCalories\PizzaCalories.csproj", "{AA42A975-0119-4E14-87DB-C9118EA456BD}"
EndProject
Global
	GlobalSection(SolutionConfigurationPlatforms) = preSolution
		Debug|Any CPU = Debug|Any CPU
		Release|Any CPU = Release|Any CPU
	EndGlobalSection
	GlobalSection(ProjectConfigurationPlatforms) = postSolution
		{F2F904D6-FA28-46D8-B57F-F9D9DE6E4369}.Debug|Any CPU.ActiveCfg = Debug|Any CPU
		{F2F904D6-FA28-46D8-B57F-F9D9DE6E4369}.Debug|Any CPU.Build.0 = Debug|Any CPU
		{F2F904D6-FA28-46D8-B57F-F9D9DE6E4369}.Release|Any CPU.ActiveCfg = Release|Any CPU
		{F2F904D6-FA28-46D8-B57F-F9D9DE6E4369}.Release|Any CPU.Build.0 = Release|Any CPU
		{D6BB7A9D-C1FB-4174-999F-40CA4778DDCA}.Debug|Any CPU.ActiveCfg = Debug|Any CPU
		{D6BB7A9D-C1FB-4174-999F-40CA4778DDCA}.Debug|Any CPU.Build.0 = Debug|Any CPU
		{D6BB7A9D-C1FB-4174-999F-40CA4778DDCA}.Release|Any CPU.ActiveCfg = Release|Any CPU
		{D6BB7A9D-C1FB-4174-999F-40CA4778DDCA}.Release|Any CPU.Build.0 = Release|Any CPU
		{AA42A975-0119-4E14-87DB-C9118EA456BD}.Debug|Any CPU.ActiveCfg = Debug|Any CPU
		{AA42A975-0119-4E14-87DB-C9118EA456BD}.Debug|Any CPU.Build.0 = Debug|Any CPU
		{AA42A975-0119-4E14-87DB-C9118EA456BD}.Release|Any CPU.ActiveCfg = Release|Any CPU
		{AA42A975-0119-4E14-87DB-C9118EA456BD}.Release|Any CPU.Build.0 = Release|Any CPU
	EndGlobalSection
	GlobalSection(SolutionProperties) = preSolution
		HideSolutionNode = FALSE
	EndGlobalSection
EndGlobal
