
Microsoft Visual Studio Solution File, Format Version 12.00
# Visual Studio 14
VisualStudioVersion = 14.0.24720.0
MinimumVisualStudioVersion = 10.0.40219.1
Project("{FAE04EC0-301F-11D3-BF4B-00C04F79EFBC}") = "Vehicles", "PolymorphismExercise\Vehicles.csproj", "{DB12DCD5-9B00-4FFC-88FD-31E075B29CD4}"
EndProject
Project("{FAE04EC0-301F-11D3-BF4B-00C04F79EFBC}") = "WildFarm", "WildFarm\WildFarm.csproj", "{FF769DA2-7674-47A4-ACC8-ACE63BCD2C8F}"
EndProject
Global
	GlobalSection(SolutionConfigurationPlatforms) = preSolution
		Debug|Any CPU = Debug|Any CPU
		Release|Any CPU = Release|Any CPU
	EndGlobalSection
	GlobalSection(ProjectConfigurationPlatforms) = postSolution
		{DB12DCD5-9B00-4FFC-88FD-31E075B29CD4}.Debug|Any CPU.ActiveCfg = Debug|Any CPU
		{DB12DCD5-9B00-4FFC-88FD-31E075B29CD4}.Debug|Any CPU.Build.0 = Debug|Any CPU
		{DB12DCD5-9B00-4FFC-88FD-31E075B29CD4}.Release|Any CPU.ActiveCfg = Release|Any CPU
		{DB12DCD5-9B00-4FFC-88FD-31E075B29CD4}.Release|Any CPU.Build.0 = Release|Any CPU
		{FF769DA2-7674-47A4-ACC8-ACE63BCD2C8F}.Debug|Any CPU.ActiveCfg = Debug|Any CPU
		{FF769DA2-7674-47A4-ACC8-ACE63BCD2C8F}.Debug|Any CPU.Build.0 = Debug|Any CPU
		{FF769DA2-7674-47A4-ACC8-ACE63BCD2C8F}.Release|Any CPU.ActiveCfg = Release|Any CPU
		{FF769DA2-7674-47A4-ACC8-ACE63BCD2C8F}.Release|Any CPU.Build.0 = Release|Any CPU
	EndGlobalSection
	GlobalSection(SolutionProperties) = preSolution
		HideSolutionNode = FALSE
	EndGlobalSection
EndGlobal
